
Microsoft Visual Studio Solution File, Format Version 12.00
# Visual Studio Version 17
VisualStudioVersion = 17.6.33815.320
MinimumVisualStudioVersion = 10.0.40219.1
Project("{9A19103F-16F7-4668-BE54-9A1E7A4F7556}") = "Headtrip.Models", "Headtrip.Models\Headtrip.Models.csproj", "{23676431-1F46-44CF-B5F4-B46A9611E058}"
EndProject
Project("{9A19103F-16F7-4668-BE54-9A1E7A4F7556}") = "Headtrip.Repositories", "Headtrip.Repositories\Headtrip.Repositories.csproj", "{FA4EB427-CE76-4DB1-BB34-2F841412130D}"
EndProject
Project("{9A19103F-16F7-4668-BE54-9A1E7A4F7556}") = "Headtrip.Services", "Headtrip.Services\Headtrip.Services.csproj", "{C53806C0-C0E0-4355-857D-43EF033F3EC0}"
EndProject
Project("{9A19103F-16F7-4668-BE54-9A1E7A4F7556}") = "Headtrip.GameServer", "Headtrip.GameServer\Headtrip.GameServer.csproj", "{1633E70E-F265-4E37-9E17-0D38DBFB32CB}"
EndProject
Project("{9A19103F-16F7-4668-BE54-9A1E7A4F7556}") = "Headtrip.Utilities", "Headtrip.Utilities\Headtrip.Utilities.csproj", "{B72CC52D-332E-4E59-B700-19DF998D98F2}"
EndProject
Project("{9A19103F-16F7-4668-BE54-9A1E7A4F7556}") = "Headtrip.LoginServer", "Headtrip.LoginServer\Headtrip.LoginServer.csproj", "{A53D2A07-5323-41D2-872A-24FA6423E03F}"
EndProject
Project("{9A19103F-16F7-4668-BE54-9A1E7A4F7556}") = "Headtrip.GameServerContext", "Headtrip.GameServerContext\Headtrip.GameServerContext.csproj", "{4C694979-399A-4CB9-A005-6CA065D6C3CB}"
EndProject
Project("{9A19103F-16F7-4668-BE54-9A1E7A4F7556}") = "Headtrip.Secrets", "Headtrip.Secrets\Headtrip.Secrets.csproj", "{7D99A3BB-7D11-4942-B32F-7903A46B9173}"
EndProject
Project("{9A19103F-16F7-4668-BE54-9A1E7A4F7556}") = "Headtrip.LoginServerContext", "Headtrip.LoginServerContext\Headtrip.LoginServerContext.csproj", "{6FDFAFD0-01C4-450B-8BBF-319C022E456D}"
EndProject
Project("{9A19103F-16F7-4668-BE54-9A1E7A4F7556}") = "Headtrip.TestRestApi", "Headtrip.TestRestApi\Headtrip.TestRestApi.csproj", "{8AF34007-0FD5-4E74-8C26-41DBDACBFFDD}"
EndProject
Project("{9A19103F-16F7-4668-BE54-9A1E7A4F7556}") = "Headtrip.IoC", "Headtrip.IoC\Headtrip.IoC.csproj", "{2160C5FE-2FE3-4D90-83CE-686EF523E7E6}"
EndProject
Global
	GlobalSection(SolutionConfigurationPlatforms) = preSolution
		Debug|Any CPU = Debug|Any CPU
		Release|Any CPU = Release|Any CPU
	EndGlobalSection
	GlobalSection(ProjectConfigurationPlatforms) = postSolution
		{23676431-1F46-44CF-B5F4-B46A9611E058}.Debug|Any CPU.ActiveCfg = Debug|Any CPU
		{23676431-1F46-44CF-B5F4-B46A9611E058}.Debug|Any CPU.Build.0 = Debug|Any CPU
		{23676431-1F46-44CF-B5F4-B46A9611E058}.Release|Any CPU.ActiveCfg = Release|Any CPU
		{23676431-1F46-44CF-B5F4-B46A9611E058}.Release|Any CPU.Build.0 = Release|Any CPU
		{FA4EB427-CE76-4DB1-BB34-2F841412130D}.Debug|Any CPU.ActiveCfg = Debug|Any CPU
		{FA4EB427-CE76-4DB1-BB34-2F841412130D}.Debug|Any CPU.Build.0 = Debug|Any CPU
		{FA4EB427-CE76-4DB1-BB34-2F841412130D}.Release|Any CPU.ActiveCfg = Release|Any CPU
		{FA4EB427-CE76-4DB1-BB34-2F841412130D}.Release|Any CPU.Build.0 = Release|Any CPU
		{C53806C0-C0E0-4355-857D-43EF033F3EC0}.Debug|Any CPU.ActiveCfg = Debug|Any CPU
		{C53806C0-C0E0-4355-857D-43EF033F3EC0}.Debug|Any CPU.Build.0 = Debug|Any CPU
		{C53806C0-C0E0-4355-857D-43EF033F3EC0}.Release|Any CPU.ActiveCfg = Release|Any CPU
		{C53806C0-C0E0-4355-857D-43EF033F3EC0}.Release|Any CPU.Build.0 = Release|Any CPU
		{1633E70E-F265-4E37-9E17-0D38DBFB32CB}.Debug|Any CPU.ActiveCfg = Debug|Any CPU
		{1633E70E-F265-4E37-9E17-0D38DBFB32CB}.Debug|Any CPU.Build.0 = Debug|Any CPU
		{1633E70E-F265-4E37-9E17-0D38DBFB32CB}.Release|Any CPU.ActiveCfg = Release|Any CPU
		{1633E70E-F265-4E37-9E17-0D38DBFB32CB}.Release|Any CPU.Build.0 = Release|Any CPU
		{B72CC52D-332E-4E59-B700-19DF998D98F2}.Debug|Any CPU.ActiveCfg = Debug|Any CPU
		{B72CC52D-332E-4E59-B700-19DF998D98F2}.Debug|Any CPU.Build.0 = Debug|Any CPU
		{B72CC52D-332E-4E59-B700-19DF998D98F2}.Release|Any CPU.ActiveCfg = Release|Any CPU
		{B72CC52D-332E-4E59-B700-19DF998D98F2}.Release|Any CPU.Build.0 = Release|Any CPU
		{A53D2A07-5323-41D2-872A-24FA6423E03F}.Debug|Any CPU.ActiveCfg = Debug|Any CPU
		{A53D2A07-5323-41D2-872A-24FA6423E03F}.Debug|Any CPU.Build.0 = Debug|Any CPU
		{A53D2A07-5323-41D2-872A-24FA6423E03F}.Release|Any CPU.ActiveCfg = Release|Any CPU
		{A53D2A07-5323-41D2-872A-24FA6423E03F}.Release|Any CPU.Build.0 = Release|Any CPU
		{4C694979-399A-4CB9-A005-6CA065D6C3CB}.Debug|Any CPU.ActiveCfg = Debug|Any CPU
		{4C694979-399A-4CB9-A005-6CA065D6C3CB}.Debug|Any CPU.Build.0 = Debug|Any CPU
		{4C694979-399A-4CB9-A005-6CA065D6C3CB}.Release|Any CPU.ActiveCfg = Release|Any CPU
		{4C694979-399A-4CB9-A005-6CA065D6C3CB}.Release|Any CPU.Build.0 = Release|Any CPU
		{7D99A3BB-7D11-4942-B32F-7903A46B9173}.Debug|Any CPU.ActiveCfg = Debug|Any CPU
		{7D99A3BB-7D11-4942-B32F-7903A46B9173}.Debug|Any CPU.Build.0 = Debug|Any CPU
		{7D99A3BB-7D11-4942-B32F-7903A46B9173}.Release|Any CPU.ActiveCfg = Release|Any CPU
		{7D99A3BB-7D11-4942-B32F-7903A46B9173}.Release|Any CPU.Build.0 = Release|Any CPU
		{6FDFAFD0-01C4-450B-8BBF-319C022E456D}.Debug|Any CPU.ActiveCfg = Debug|Any CPU
		{6FDFAFD0-01C4-450B-8BBF-319C022E456D}.Debug|Any CPU.Build.0 = Debug|Any CPU
		{6FDFAFD0-01C4-450B-8BBF-319C022E456D}.Release|Any CPU.ActiveCfg = Release|Any CPU
		{6FDFAFD0-01C4-450B-8BBF-319C022E456D}.Release|Any CPU.Build.0 = Release|Any CPU
		{8AF34007-0FD5-4E74-8C26-41DBDACBFFDD}.Debug|Any CPU.ActiveCfg = Debug|Any CPU
		{8AF34007-0FD5-4E74-8C26-41DBDACBFFDD}.Debug|Any CPU.Build.0 = Debug|Any CPU
		{8AF34007-0FD5-4E74-8C26-41DBDACBFFDD}.Release|Any CPU.ActiveCfg = Release|Any CPU
		{8AF34007-0FD5-4E74-8C26-41DBDACBFFDD}.Release|Any CPU.Build.0 = Release|Any CPU
		{2160C5FE-2FE3-4D90-83CE-686EF523E7E6}.Debug|Any CPU.ActiveCfg = Debug|Any CPU
		{2160C5FE-2FE3-4D90-83CE-686EF523E7E6}.Debug|Any CPU.Build.0 = Debug|Any CPU
		{2160C5FE-2FE3-4D90-83CE-686EF523E7E6}.Release|Any CPU.ActiveCfg = Release|Any CPU
		{2160C5FE-2FE3-4D90-83CE-686EF523E7E6}.Release|Any CPU.Build.0 = Release|Any CPU
	EndGlobalSection
	GlobalSection(SolutionProperties) = preSolution
		HideSolutionNode = FALSE
	EndGlobalSection
	GlobalSection(ExtensibilityGlobals) = postSolution
		SolutionGuid = {306381B4-26CB-43C4-B8E3-54E10693905F}
	EndGlobalSection
EndGlobal
